
Microsoft Visual Studio Solution File, Format Version 12.00
# Visual Studio 15
VisualStudioVersion = 15.0.28010.2046
MinimumVisualStudioVersion = 10.0.40219.1
Project("{FAE04EC0-301F-11D3-BF4B-00C04F79EFBC}") = "SAES_App", "SAES_App\SAES_App.csproj", "{5648D36F-CD43-49A8-B405-5AFCDA97BF21}"
EndProject
Global
	GlobalSection(SolutionConfigurationPlatforms) = preSolution
		Debug|Any CPU = Debug|Any CPU
		Release|Any CPU = Release|Any CPU
	EndGlobalSection
	GlobalSection(ProjectConfigurationPlatforms) = postSolution
		{5648D36F-CD43-49A8-B405-5AFCDA97BF21}.Debug|Any CPU.ActiveCfg = Debug|Any CPU
		{5648D36F-CD43-49A8-B405-5AFCDA97BF21}.Debug|Any CPU.Build.0 = Debug|Any CPU
		{5648D36F-CD43-49A8-B405-5AFCDA97BF21}.Release|Any CPU.ActiveCfg = Release|Any CPU
		{5648D36F-CD43-49A8-B405-5AFCDA97BF21}.Release|Any CPU.Build.0 = Release|Any CPU
	EndGlobalSection
	GlobalSection(SolutionProperties) = preSolution
		HideSolutionNode = FALSE
	EndGlobalSection
	GlobalSection(ExtensibilityGlobals) = postSolution
		SolutionGuid = {1C664310-00A0-4669-8419-08E98657F82B}
	EndGlobalSection
EndGlobal
